
Microsoft Visual Studio Solution File, Format Version 12.00
# Visual Studio Version 17
VisualStudioVersion = 17.6.33829.357
MinimumVisualStudioVersion = 10.0.40219.1
Project("{FAE04EC0-301F-11D3-BF4B-00C04F79EFBC}") = "Data.Models", "Data.Models\Data.Models.csproj", "{D7911F7F-BB10-46C7-ABAC-62DAC2EF8A15}"
EndProject
Project("{FAE04EC0-301F-11D3-BF4B-00C04F79EFBC}") = "Data.Web", "Data.Web\Data.Web.csproj", "{08089237-F3AD-416E-A711-A9B5DFE81E86}"
EndProject
Global
	GlobalSection(SolutionConfigurationPlatforms) = preSolution
		Debug|Any CPU = Debug|Any CPU
		Release|Any CPU = Release|Any CPU
	EndGlobalSection
	GlobalSection(ProjectConfigurationPlatforms) = postSolution
		{D7911F7F-BB10-46C7-ABAC-62DAC2EF8A15}.Debug|Any CPU.ActiveCfg = Debug|Any CPU
		{D7911F7F-BB10-46C7-ABAC-62DAC2EF8A15}.Debug|Any CPU.Build.0 = Debug|Any CPU
		{D7911F7F-BB10-46C7-ABAC-62DAC2EF8A15}.Release|Any CPU.ActiveCfg = Release|Any CPU
		{D7911F7F-BB10-46C7-ABAC-62DAC2EF8A15}.Release|Any CPU.Build.0 = Release|Any CPU
		{08089237-F3AD-416E-A711-A9B5DFE81E86}.Debug|Any CPU.ActiveCfg = Debug|Any CPU
		{08089237-F3AD-416E-A711-A9B5DFE81E86}.Debug|Any CPU.Build.0 = Debug|Any CPU
		{08089237-F3AD-416E-A711-A9B5DFE81E86}.Release|Any CPU.ActiveCfg = Release|Any CPU
		{08089237-F3AD-416E-A711-A9B5DFE81E86}.Release|Any CPU.Build.0 = Release|Any CPU
	EndGlobalSection
	GlobalSection(SolutionProperties) = preSolution
		HideSolutionNode = FALSE
	EndGlobalSection
	GlobalSection(ExtensibilityGlobals) = postSolution
		SolutionGuid = {0CFAA882-C918-48B2-91B1-F5CFE8A01DED}
	EndGlobalSection
EndGlobal
